
Microsoft Visual Studio Solution File, Format Version 12.00
# Visual Studio Version 17
VisualStudioVersion = 17.5.33414.496
MinimumVisualStudioVersion = 10.0.40219.1
Project("{9A19103F-16F7-4668-BE54-9A1E7A4F7556}") = "DiscussionPublisherAPI", "DiscussionPublisherAPI\DiscussionPublisherAPI.csproj", "{FFC511D6-F93F-43DC-B885-F54CC51DD8B3}"
EndProject
Project("{FAE04EC0-301F-11D3-BF4B-00C04F79EFBC}") = "DiscussionPublisherAPITests", "DiscussionPublisherAPITests\DiscussionPublisherAPITests.csproj", "{CF709E5E-6EB8-4778-932D-85C755F83C33}"
EndProject
Project("{FAE04EC0-301F-11D3-BF4B-00C04F79EFBC}") = "DiscussionPublisher.TelegramBot", "DiscussionPublisher.TelegramBot\DiscussionPublisher.TelegramBot.csproj", "{94FB1D02-F18F-4F3B-8020-0EF719D382C3}"
EndProject
Global
	GlobalSection(SolutionConfigurationPlatforms) = preSolution
		Debug|Any CPU = Debug|Any CPU
		Release|Any CPU = Release|Any CPU
	EndGlobalSection
	GlobalSection(ProjectConfigurationPlatforms) = postSolution
		{FFC511D6-F93F-43DC-B885-F54CC51DD8B3}.Debug|Any CPU.ActiveCfg = Debug|Any CPU
		{FFC511D6-F93F-43DC-B885-F54CC51DD8B3}.Debug|Any CPU.Build.0 = Debug|Any CPU
		{FFC511D6-F93F-43DC-B885-F54CC51DD8B3}.Release|Any CPU.ActiveCfg = Release|Any CPU
		{FFC511D6-F93F-43DC-B885-F54CC51DD8B3}.Release|Any CPU.Build.0 = Release|Any CPU
		{CF709E5E-6EB8-4778-932D-85C755F83C33}.Debug|Any CPU.ActiveCfg = Debug|Any CPU
		{CF709E5E-6EB8-4778-932D-85C755F83C33}.Debug|Any CPU.Build.0 = Debug|Any CPU
		{CF709E5E-6EB8-4778-932D-85C755F83C33}.Release|Any CPU.ActiveCfg = Release|Any CPU
		{CF709E5E-6EB8-4778-932D-85C755F83C33}.Release|Any CPU.Build.0 = Release|Any CPU
		{94FB1D02-F18F-4F3B-8020-0EF719D382C3}.Debug|Any CPU.ActiveCfg = Debug|Any CPU
		{94FB1D02-F18F-4F3B-8020-0EF719D382C3}.Debug|Any CPU.Build.0 = Debug|Any CPU
		{94FB1D02-F18F-4F3B-8020-0EF719D382C3}.Release|Any CPU.ActiveCfg = Release|Any CPU
		{94FB1D02-F18F-4F3B-8020-0EF719D382C3}.Release|Any CPU.Build.0 = Release|Any CPU
	EndGlobalSection
	GlobalSection(SolutionProperties) = preSolution
		HideSolutionNode = FALSE
	EndGlobalSection
	GlobalSection(ExtensibilityGlobals) = postSolution
		SolutionGuid = {E6650EE4-8DE3-4317-8EC4-BE335CAC55D9}
	EndGlobalSection
EndGlobal
